
Microsoft Visual Studio Solution File, Format Version 12.00
# Visual Studio Version 17
VisualStudioVersion = 17.4.33205.214
MinimumVisualStudioVersion = 10.0.40219.1
Project("{9A19103F-16F7-4668-BE54-9A1E7A4F7556}") = "ProgressTracker.Web", "ProgressTracker.Web\ProgressTracker.Web.csproj", "{754BDCF9-0B32-4BF3-825D-1B56931FCD54}"
EndProject
Project("{9A19103F-16F7-4668-BE54-9A1E7A4F7556}") = "ProgressTracker.Domain", "ProgressTracker.Domain\ProgressTracker.Domain.csproj", "{49DB7B11-D13A-474E-9760-E5EA387DD444}"
EndProject
Project("{9A19103F-16F7-4668-BE54-9A1E7A4F7556}") = "ProgressTracker.Data", "ProgressTracker.Data\ProgressTracker.Data.csproj", "{D30146BA-90FC-4A02-8C16-C2DDA3DC64CB}"
EndProject
Project("{9A19103F-16F7-4668-BE54-9A1E7A4F7556}") = "ProgressTracker.Api", "ProgressTracker.Api\ProgressTracker.Api.csproj", "{CF071F14-DC0C-46A7-B2DE-9A0CFE4611D7}"
EndProject
Project("{9A19103F-16F7-4668-BE54-9A1E7A4F7556}") = "ProgressTracker.Service", "ProgressTracker.Service\ProgressTracker.Service.csproj", "{4D93A0C4-C648-4D9B-A00A-730A9CAEADFE}"
EndProject
Project("{FAE04EC0-301F-11D3-BF4B-00C04F79EFBC}") = "ProgressTracker.Common", "ProgressTracker.Common\ProgressTracker.Common.csproj", "{593BACDE-0BC7-4BF8-BE31-FB6D150190FC}"
EndProject
Global
	GlobalSection(SolutionConfigurationPlatforms) = preSolution
		Debug|Any CPU = Debug|Any CPU
		Release|Any CPU = Release|Any CPU
	EndGlobalSection
	GlobalSection(ProjectConfigurationPlatforms) = postSolution
		{754BDCF9-0B32-4BF3-825D-1B56931FCD54}.Debug|Any CPU.ActiveCfg = Debug|Any CPU
		{754BDCF9-0B32-4BF3-825D-1B56931FCD54}.Debug|Any CPU.Build.0 = Debug|Any CPU
		{754BDCF9-0B32-4BF3-825D-1B56931FCD54}.Release|Any CPU.ActiveCfg = Release|Any CPU
		{754BDCF9-0B32-4BF3-825D-1B56931FCD54}.Release|Any CPU.Build.0 = Release|Any CPU
		{49DB7B11-D13A-474E-9760-E5EA387DD444}.Debug|Any CPU.ActiveCfg = Debug|Any CPU
		{49DB7B11-D13A-474E-9760-E5EA387DD444}.Debug|Any CPU.Build.0 = Debug|Any CPU
		{49DB7B11-D13A-474E-9760-E5EA387DD444}.Release|Any CPU.ActiveCfg = Release|Any CPU
		{49DB7B11-D13A-474E-9760-E5EA387DD444}.Release|Any CPU.Build.0 = Release|Any CPU
		{D30146BA-90FC-4A02-8C16-C2DDA3DC64CB}.Debug|Any CPU.ActiveCfg = Debug|Any CPU
		{D30146BA-90FC-4A02-8C16-C2DDA3DC64CB}.Debug|Any CPU.Build.0 = Debug|Any CPU
		{D30146BA-90FC-4A02-8C16-C2DDA3DC64CB}.Release|Any CPU.ActiveCfg = Release|Any CPU
		{D30146BA-90FC-4A02-8C16-C2DDA3DC64CB}.Release|Any CPU.Build.0 = Release|Any CPU
		{CF071F14-DC0C-46A7-B2DE-9A0CFE4611D7}.Debug|Any CPU.ActiveCfg = Debug|Any CPU
		{CF071F14-DC0C-46A7-B2DE-9A0CFE4611D7}.Debug|Any CPU.Build.0 = Debug|Any CPU
		{CF071F14-DC0C-46A7-B2DE-9A0CFE4611D7}.Release|Any CPU.ActiveCfg = Release|Any CPU
		{CF071F14-DC0C-46A7-B2DE-9A0CFE4611D7}.Release|Any CPU.Build.0 = Release|Any CPU
		{4D93A0C4-C648-4D9B-A00A-730A9CAEADFE}.Debug|Any CPU.ActiveCfg = Debug|Any CPU
		{4D93A0C4-C648-4D9B-A00A-730A9CAEADFE}.Debug|Any CPU.Build.0 = Debug|Any CPU
		{4D93A0C4-C648-4D9B-A00A-730A9CAEADFE}.Release|Any CPU.ActiveCfg = Release|Any CPU
		{4D93A0C4-C648-4D9B-A00A-730A9CAEADFE}.Release|Any CPU.Build.0 = Release|Any CPU
		{593BACDE-0BC7-4BF8-BE31-FB6D150190FC}.Debug|Any CPU.ActiveCfg = Debug|Any CPU
		{593BACDE-0BC7-4BF8-BE31-FB6D150190FC}.Debug|Any CPU.Build.0 = Debug|Any CPU
		{593BACDE-0BC7-4BF8-BE31-FB6D150190FC}.Release|Any CPU.ActiveCfg = Release|Any CPU
		{593BACDE-0BC7-4BF8-BE31-FB6D150190FC}.Release|Any CPU.Build.0 = Release|Any CPU
	EndGlobalSection
	GlobalSection(SolutionProperties) = preSolution
		HideSolutionNode = FALSE
	EndGlobalSection
	GlobalSection(ExtensibilityGlobals) = postSolution
		SolutionGuid = {8B5F4CDD-EBB6-4303-97A7-4F9C36214291}
	EndGlobalSection
EndGlobal
