
Microsoft Visual Studio Solution File, Format Version 12.00
# Visual Studio Version 17
VisualStudioVersion = 17.4.33205.214
MinimumVisualStudioVersion = 10.0.40219.1
Project("{FAE04EC0-301F-11D3-BF4B-00C04F79EFBC}") = "ProgressTracker.Web", "ProgressTracker.Web\ProgressTracker.Web.csproj", "{754BDCF9-0B32-4BF3-825D-1B56931FCD54}"
EndProject
Project("{FAE04EC0-301F-11D3-BF4B-00C04F79EFBC}") = "ProgressTracker.Domain", "ProgressTracker.Domain\ProgressTracker.Domain.csproj", "{49DB7B11-D13A-474E-9760-E5EA387DD444}"
EndProject
Global
	GlobalSection(SolutionConfigurationPlatforms) = preSolution
		Debug|Any CPU = Debug|Any CPU
		Release|Any CPU = Release|Any CPU
	EndGlobalSection
	GlobalSection(ProjectConfigurationPlatforms) = postSolution
		{754BDCF9-0B32-4BF3-825D-1B56931FCD54}.Debug|Any CPU.ActiveCfg = Debug|Any CPU
		{754BDCF9-0B32-4BF3-825D-1B56931FCD54}.Debug|Any CPU.Build.0 = Debug|Any CPU
		{754BDCF9-0B32-4BF3-825D-1B56931FCD54}.Release|Any CPU.ActiveCfg = Release|Any CPU
		{754BDCF9-0B32-4BF3-825D-1B56931FCD54}.Release|Any CPU.Build.0 = Release|Any CPU
		{49DB7B11-D13A-474E-9760-E5EA387DD444}.Debug|Any CPU.ActiveCfg = Debug|Any CPU
		{49DB7B11-D13A-474E-9760-E5EA387DD444}.Debug|Any CPU.Build.0 = Debug|Any CPU
		{49DB7B11-D13A-474E-9760-E5EA387DD444}.Release|Any CPU.ActiveCfg = Release|Any CPU
		{49DB7B11-D13A-474E-9760-E5EA387DD444}.Release|Any CPU.Build.0 = Release|Any CPU
	EndGlobalSection
	GlobalSection(SolutionProperties) = preSolution
		HideSolutionNode = FALSE
	EndGlobalSection
	GlobalSection(ExtensibilityGlobals) = postSolution
		SolutionGuid = {8B5F4CDD-EBB6-4303-97A7-4F9C36214291}
	EndGlobalSection
EndGlobal
